
Microsoft Visual Studio Solution File, Format Version 12.00
# Visual Studio Version 16
VisualStudioVersion = 16.0.31424.327
MinimumVisualStudioVersion = 10.0.40219.1
Project("{F184B08F-C81C-45F6-A57F-5ABD9991F28F}") = "Auto Mundo", "Auto Mundo\Auto Mundo.vbproj", "{25F83207-1D3D-45CA-B949-B693CDAB1949}"
EndProject
Global
	GlobalSection(SolutionConfigurationPlatforms) = preSolution
		Debug|Any CPU = Debug|Any CPU
		Release|Any CPU = Release|Any CPU
	EndGlobalSection
	GlobalSection(ProjectConfigurationPlatforms) = postSolution
		{25F83207-1D3D-45CA-B949-B693CDAB1949}.Debug|Any CPU.ActiveCfg = Debug|Any CPU
		{25F83207-1D3D-45CA-B949-B693CDAB1949}.Debug|Any CPU.Build.0 = Debug|Any CPU
		{25F83207-1D3D-45CA-B949-B693CDAB1949}.Release|Any CPU.ActiveCfg = Release|Any CPU
		{25F83207-1D3D-45CA-B949-B693CDAB1949}.Release|Any CPU.Build.0 = Release|Any CPU
	EndGlobalSection
	GlobalSection(SolutionProperties) = preSolution
		HideSolutionNode = FALSE
	EndGlobalSection
	GlobalSection(ExtensibilityGlobals) = postSolution
		SolutionGuid = {49061DD5-3654-4A28-8648-FDE37C0E184A}
	EndGlobalSection
EndGlobal
